// !$*UTF8*$!
{
	archiveVersion = 1;
	classes = {
	};
	objectVersion = 56;
	objects = {

/* Begin PBXBuildFile section */
		FB6DF8092B5F4D9500D71F93 /* AppDelegate.swift in Sources */ = {isa = PBXBuildFile; fileRef = FB6DF8082B5F4D9500D71F93 /* AppDelegate.swift */; };
		FB6DF80B2B5F4D9500D71F93 /* SceneDelegate.swift in Sources */ = {isa = PBXBuildFile; fileRef = FB6DF80A2B5F4D9500D71F93 /* SceneDelegate.swift */; };
		FB6DF80D2B5F4D9500D71F93 /* ViewController.swift in Sources */ = {isa = PBXBuildFile; fileRef = FB6DF80C2B5F4D9500D71F93 /* ViewController.swift */; };
		FB6DF8102B5F4D9500D71F93 /* Main.storyboard in Resources */ = {isa = PBXBuildFile; fileRef = FB6DF80E2B5F4D9500D71F93 /* Main.storyboard */; };
		FB6DF8122B5F4D9800D71F93 /* Assets.xcassets in Resources */ = {isa = PBXBuildFile; fileRef = FB6DF8112B5F4D9800D71F93 /* Assets.xcassets */; };
		FB6DF8152B5F4D9800D71F93 /* LaunchScreen.storyboard in Resources */ = {isa = PBXBuildFile; fileRef = FB6DF8132B5F4D9800D71F93 /* LaunchScreen.storyboard */; };
		FB6DF8202B5F4D9800D71F93 /* act2Tests.swift in Sources */ = {isa = PBXBuildFile; fileRef = FB6DF81F2B5F4D9800D71F93 /* act2Tests.swift */; };
		FB6DF82A2B5F4D9800D71F93 /* act2UITests.swift in Sources */ = {isa = PBXBuildFile; fileRef = FB6DF8292B5F4D9800D71F93 /* act2UITests.swift */; };
		FB6DF82C2B5F4D9800D71F93 /* act2UITestsLaunchTests.swift in Sources */ = {isa = PBXBuildFile; fileRef = FB6DF82B2B5F4D9800D71F93 /* act2UITestsLaunchTests.swift */; };
/* End PBXBuildFile section */

/* Begin PBXContainerItemProxy section */
		FB6DF81C2B5F4D9800D71F93 /* PBXContainerItemProxy */ = {
			isa = PBXContainerItemProxy;
			containerPortal = FB6DF7FD2B5F4D9500D71F93 /* Project object */;
			proxyType = 1;
			remoteGlobalIDString = FB6DF8042B5F4D9500D71F93;
			remoteInfo = act2;
		};
		FB6DF8262B5F4D9800D71F93 /* PBXContainerItemProxy */ = {
			isa = PBXContainerItemProxy;
			containerPortal = FB6DF7FD2B5F4D9500D71F93 /* Project object */;
			proxyType = 1;
			remoteGlobalIDString = FB6DF8042B5F4D9500D71F93;
			remoteInfo = act2;
		};
/* End PBXContainerItemProxy section */

/* Begin PBXFileReference section */
		FB6DF8052B5F4D9500D71F93 /* act2.app */ = {isa = PBXFileReference; explicitFileType = wrapper.application; includeInIndex = 0; path = act2.app; sourceTree = BUILT_PRODUCTS_DIR; };
		FB6DF8082B5F4D9500D71F93 /* AppDelegate.swift */ = {isa = PBXFileReference; lastKnownFileType = sourcecode.swift; path = AppDelegate.swift; sourceTree = "<group>"; };
		FB6DF80A2B5F4D9500D71F93 /* SceneDelegate.swift */ = {isa = PBXFileReference; lastKnownFileType = sourcecode.swift; path = SceneDelegate.swift; sourceTree = "<group>"; };
		FB6DF80C2B5F4D9500D71F93 /* ViewController.swift */ = {isa = PBXFileReference; lastKnownFileType = sourcecode.swift; path = ViewController.swift; sourceTree = "<group>"; };
		FB6DF80F2B5F4D9500D71F93 /* Base */ = {isa = PBXFileReference; lastKnownFileType = file.storyboard; name = Base; path = Base.lproj/Main.storyboard; sourceTree = "<group>"; };
		FB6DF8112B5F4D9800D71F93 /* Assets.xcassets */ = {isa = PBXFileReference; lastKnownFileType = folder.assetcatalog; path = Assets.xcassets; sourceTree = "<group>"; };
		FB6DF8142B5F4D9800D71F93 /* Base */ = {isa = PBXFileReference; lastKnownFileType = file.storyboard; name = Base; path = Base.lproj/LaunchScreen.storyboard; sourceTree = "<group>"; };
		FB6DF8162B5F4D9800D71F93 /* Info.plist */ = {isa = PBXFileReference; lastKnownFileType = text.plist.xml; path = Info.plist; sourceTree = "<group>"; };
		FB6DF81B2B5F4D9800D71F93 /* act2Tests.xctest */ = {isa = PBXFileReference; explicitFileType = wrapper.cfbundle; includeInIndex = 0; path = act2Tests.xctest; sourceTree = BUILT_PRODUCTS_DIR; };
		FB6DF81F2B5F4D9800D71F93 /* act2Tests.swift */ = {isa = PBXFileReference; lastKnownFileType = sourcecode.swift; path = act2Tests.swift; sourceTree = "<group>"; };
		FB6DF8252B5F4D9800D71F93 /* act2UITests.xctest */ = {isa = PBXFileReference; explicitFileType = wrapper.cfbundle; includeInIndex = 0; path = act2UITests.xctest; sourceTree = BUILT_PRODUCTS_DIR; };
		FB6DF8292B5F4D9800D71F93 /* act2UITests.swift */ = {isa = PBXFileReference; lastKnownFileType = sourcecode.swift; path = act2UITests.swift; sourceTree = "<group>"; };
		FB6DF82B2B5F4D9800D71F93 /* act2UITestsLaunchTests.swift */ = {isa = PBXFileReference; lastKnownFileType = sourcecode.swift; path = act2UITestsLaunchTests.swift; sourceTree = "<group>"; };
/* End PBXFileReference section */

/* Begin PBXFrameworksBuildPhase section */
		FB6DF8022B5F4D9500D71F93 /* Frameworks */ = {
			isa = PBXFrameworksBuildPhase;
			buildActionMask = 2147483647;
			files = (
			);
			runOnlyForDeploymentPostprocessing = 0;
		};
		FB6DF8182B5F4D9800D71F93 /* Frameworks */ = {
			isa = PBXFrameworksBuildPhase;
			buildActionMask = 2147483647;
			files = (
			);
			runOnlyForDeploymentPostprocessing = 0;
		};
		FB6DF8222B5F4D9800D71F93 /* Frameworks */ = {
			isa = PBXFrameworksBuildPhase;
			buildActionMask = 2147483647;
			files = (
			);
			runOnlyForDeploymentPostprocessing = 0;
		};
/* End PBXFrameworksBuildPhase section */

/* Begin PBXGroup section */
		FB6DF7FC2B5F4D9500D71F93 = {
			isa = PBXGroup;
			children = (
				FB6DF8072B5F4D9500D71F93 /* act2 */,
				FB6DF81E2B5F4D9800D71F93 /* act2Tests */,
				FB6DF8282B5F4D9800D71F93 /* act2UITests */,
				FB6DF8062B5F4D9500D71F93 /* Products */,
			);
			sourceTree = "<group>";
		};
		FB6DF8062B5F4D9500D71F93 /* Products */ = {
			isa = PBXGroup;
			children = (
				FB6DF8052B5F4D9500D71F93 /* act2.app */,
				FB6DF81B2B5F4D9800D71F93 /* act2Tests.xctest */,
				FB6DF8252B5F4D9800D71F93 /* act2UITests.xctest */,
			);
			name = Products;
			sourceTree = "<group>";
		};
		FB6DF8072B5F4D9500D71F93 /* act2 */ = {
			isa = PBXGroup;
			children = (
				FB6DF8082B5F4D9500D71F93 /* AppDelegate.swift */,
				FB6DF80A2B5F4D9500D71F93 /* SceneDelegate.swift */,
				FB6DF80C2B5F4D9500D71F93 /* ViewController.swift */,
				FB6DF80E2B5F4D9500D71F93 /* Main.storyboard */,
				FB6DF8112B5F4D9800D71F93 /* Assets.xcassets */,
				FB6DF8132B5F4D9800D71F93 /* LaunchScreen.storyboard */,
				FB6DF8162B5F4D9800D71F93 /* Info.plist */,
			);
			path = act2;
			sourceTree = "<group>";
		};
		FB6DF81E2B5F4D9800D71F93 /* act2Tests */ = {
			isa = PBXGroup;
			children = (
				FB6DF81F2B5F4D9800D71F93 /* act2Tests.swift */,
			);
			path = act2Tests;
			sourceTree = "<group>";
		};
		FB6DF8282B5F4D9800D71F93 /* act2UITests */ = {
			isa = PBXGroup;
			children = (
				FB6DF8292B5F4D9800D71F93 /* act2UITests.swift */,
				FB6DF82B2B5F4D9800D71F93 /* act2UITestsLaunchTests.swift */,
			);
			path = act2UITests;
			sourceTree = "<group>";
		};
/* End PBXGroup section */

/* Begin PBXNativeTarget section */
		FB6DF8042B5F4D9500D71F93 /* act2 */ = {
			isa = PBXNativeTarget;
			buildConfigurationList = FB6DF82F2B5F4D9800D71F93 /* Build configuration list for PBXNativeTarget "act2" */;
			buildPhases = (
				FB6DF8012B5F4D9500D71F93 /* Sources */,
				FB6DF8022B5F4D9500D71F93 /* Frameworks */,
				FB6DF8032B5F4D9500D71F93 /* Resources */,
			);
			buildRules = (
			);
			dependencies = (
			);
			name = act2;
			productName = act2;
			productReference = FB6DF8052B5F4D9500D71F93 /* act2.app */;
			productType = "com.apple.product-type.application";
		};
		FB6DF81A2B5F4D9800D71F93 /* act2Tests */ = {
			isa = PBXNativeTarget;
			buildConfigurationList = FB6DF8322B5F4D9800D71F93 /* Build configuration list for PBXNativeTarget "act2Tests" */;
			buildPhases = (
				FB6DF8172B5F4D9800D71F93 /* Sources */,
				FB6DF8182B5F4D9800D71F93 /* Frameworks */,
				FB6DF8192B5F4D9800D71F93 /* Resources */,
			);
			buildRules = (
			);
			dependencies = (
				FB6DF81D2B5F4D9800D71F93 /* PBXTargetDependency */,
			);
			name = act2Tests;
			productName = act2Tests;
			productReference = FB6DF81B2B5F4D9800D71F93 /* act2Tests.xctest */;
			productType = "com.apple.product-type.bundle.unit-test";
		};
		FB6DF8242B5F4D9800D71F93 /* act2UITests */ = {
			isa = PBXNativeTarget;
			buildConfigurationList = FB6DF8352B5F4D9800D71F93 /* Build configuration list for PBXNativeTarget "act2UITests" */;
			buildPhases = (
				FB6DF8212B5F4D9800D71F93 /* Sources */,
				FB6DF8222B5F4D9800D71F93 /* Frameworks */,
				FB6DF8232B5F4D9800D71F93 /* Resources */,
			);
			buildRules = (
			);
			dependencies = (
				FB6DF8272B5F4D9800D71F93 /* PBXTargetDependency */,
			);
			name = act2UITests;
			productName = act2UITests;
			productReference = FB6DF8252B5F4D9800D71F93 /* act2UITests.xctest */;
			productType = "com.apple.product-type.bundle.ui-testing";
		};
/* End PBXNativeTarget section */

/* Begin PBXProject section */
		FB6DF7FD2B5F4D9500D71F93 /* Project object */ = {
			isa = PBXProject;
			attributes = {
				BuildIndependentTargetsInParallel = 1;
				LastSwiftUpdateCheck = 1430;
				LastUpgradeCheck = 1430;
				TargetAttributes = {
					FB6DF8042B5F4D9500D71F93 = {
						CreatedOnToolsVersion = 14.3.1;
					};
					FB6DF81A2B5F4D9800D71F93 = {
						CreatedOnToolsVersion = 14.3.1;
						TestTargetID = FB6DF8042B5F4D9500D71F93;
					};
					FB6DF8242B5F4D9800D71F93 = {
						CreatedOnToolsVersion = 14.3.1;
						TestTargetID = FB6DF8042B5F4D9500D71F93;
					};
				};
			};
			buildConfigurationList = FB6DF8002B5F4D9500D71F93 /* Build configuration list for PBXProject "act2" */;
			compatibilityVersion = "Xcode 14.0";
			developmentRegion = en;
			hasScannedForEncodings = 0;
			knownRegions = (
				en,
				Base,
			);
			mainGroup = FB6DF7FC2B5F4D9500D71F93;
			productRefGroup = FB6DF8062B5F4D9500D71F93 /* Products */;
			projectDirPath = "";
			projectRoot = "";
			targets = (
				FB6DF8042B5F4D9500D71F93 /* act2 */,
				FB6DF81A2B5F4D9800D71F93 /* act2Tests */,
				FB6DF8242B5F4D9800D71F93 /* act2UITests */,
			);
		};
/* End PBXProject section */

/* Begin PBXResourcesBuildPhase section */
		FB6DF8032B5F4D9500D71F93 /* Resources */ = {
			isa = PBXResourcesBuildPhase;
			buildActionMask = 2147483647;
			files = (
				FB6DF8152B5F4D9800D71F93 /* LaunchScreen.storyboard in Resources */,
				FB6DF8122B5F4D9800D71F93 /* Assets.xcassets in Resources */,
				FB6DF8102B5F4D9500D71F93 /* Main.storyboard in Resources */,
			);
			runOnlyForDeploymentPostprocessing = 0;
		};
		FB6DF8192B5F4D9800D71F93 /* Resources */ = {
			isa = PBXResourcesBuildPhase;
			buildActionMask = 2147483647;
			files = (
			);
			runOnlyForDeploymentPostprocessing = 0;
		};
		FB6DF8232B5F4D9800D71F93 /* Resources */ = {
			isa = PBXResourcesBuildPhase;
			buildActionMask = 2147483647;
			files = (
			);
			runOnlyForDeploymentPostprocessing = 0;
		};
/* End PBXResourcesBuildPhase section */

/* Begin PBXSourcesBuildPhase section */
		FB6DF8012B5F4D9500D71F93 /* Sources */ = {
			isa = PBXSourcesBuildPhase;
			buildActionMask = 2147483647;
			files = (
				FB6DF80D2B5F4D9500D71F93 /* ViewController.swift in Sources */,
				FB6DF8092B5F4D9500D71F93 /* AppDelegate.swift in Sources */,
				FB6DF80B2B5F4D9500D71F93 /* SceneDelegate.swift in Sources */,
			);
			runOnlyForDeploymentPostprocessing = 0;
		};
		FB6DF8172B5F4D9800D71F93 /* Sources */ = {
			isa = PBXSourcesBuildPhase;
			buildActionMask = 2147483647;
			files = (
				FB6DF8202B5F4D9800D71F93 /* act2Tests.swift in Sources */,
			);
			runOnlyForDeploymentPostprocessing = 0;
		};
		FB6DF8212B5F4D9800D71F93 /* Sources */ = {
			isa = PBXSourcesBuildPhase;
			buildActionMask = 2147483647;
			files = (
				FB6DF82C2B5F4D9800D71F93 /* act2UITestsLaunchTests.swift in Sources */,
				FB6DF82A2B5F4D9800D71F93 /* act2UITests.swift in Sources */,
			);
			runOnlyForDeploymentPostprocessing = 0;
		};
/* End PBXSourcesBuildPhase section */

/* Begin PBXTargetDependency section */
		FB6DF81D2B5F4D9800D71F93 /* PBXTargetDependency */ = {
			isa = PBXTargetDependency;
			target = FB6DF8042B5F4D9500D71F93 /* act2 */;
			targetProxy = FB6DF81C2B5F4D9800D71F93 /* PBXContainerItemProxy */;
		};
		FB6DF8272B5F4D9800D71F93 /* PBXTargetDependency */ = {
			isa = PBXTargetDependency;
			target = FB6DF8042B5F4D9500D71F93 /* act2 */;
			targetProxy = FB6DF8262B5F4D9800D71F93 /* PBXContainerItemProxy */;
		};
/* End PBXTargetDependency section */

/* Begin PBXVariantGroup section */
		FB6DF80E2B5F4D9500D71F93 /* Main.storyboard */ = {
			isa = PBXVariantGroup;
			children = (
				FB6DF80F2B5F4D9500D71F93 /* Base */,
			);
			name = Main.storyboard;
			sourceTree = "<group>";
		};
		FB6DF8132B5F4D9800D71F93 /* LaunchScreen.storyboard */ = {
			isa = PBXVariantGroup;
			children = (
				FB6DF8142B5F4D9800D71F93 /* Base */,
			);
			name = LaunchScreen.storyboard;
			sourceTree = "<group>";
		};
/* End PBXVariantGroup section */

/* Begin XCBuildConfiguration section */
		FB6DF82D2B5F4D9800D71F93 /* Debug */ = {
			isa = XCBuildConfiguration;
			buildSettings = {
				ALWAYS_SEARCH_USER_PATHS = NO;
				CLANG_ANALYZER_NONNULL = YES;
				CLANG_ANALYZER_NUMBER_OBJECT_CONVERSION = YES_AGGRESSIVE;
				CLANG_CXX_LANGUAGE_STANDARD = "gnu++20";
				CLANG_ENABLE_MODULES = YES;
				CLANG_ENABLE_OBJC_ARC = YES;
				CLANG_ENABLE_OBJC_WEAK = YES;
				CLANG_WARN_BLOCK_CAPTURE_AUTORELEASING = YES;
				CLANG_WARN_BOOL_CONVERSION = YES;
				CLANG_WARN_COMMA = YES;
				CLANG_WARN_CONSTANT_CONVERSION = YES;
				CLANG_WARN_DEPRECATED_OBJC_IMPLEMENTATIONS = YES;
				CLANG_WARN_DIRECT_OBJC_ISA_USAGE = YES_ERROR;
				CLANG_WARN_DOCUMENTATION_COMMENTS = YES;
				CLANG_WARN_EMPTY_BODY = YES;
				CLANG_WARN_ENUM_CONVERSION = YES;
				CLANG_WARN_INFINITE_RECURSION = YES;
				CLANG_WARN_INT_CONVERSION = YES;
				CLANG_WARN_NON_LITERAL_NULL_CONVERSION = YES;
				CLANG_WARN_OBJC_IMPLICIT_RETAIN_SELF = YES;
				CLANG_WARN_OBJC_LITERAL_CONVERSION = YES;
				CLANG_WARN_OBJC_ROOT_CLASS = YES_ERROR;
				CLANG_WARN_QUOTED_INCLUDE_IN_FRAMEWORK_HEADER = YES;
				CLANG_WARN_RANGE_LOOP_ANALYSIS = YES;
				CLANG_WARN_STRICT_PROTOTYPES = YES;
				CLANG_WARN_SUSPICIOUS_MOVE = YES;
				CLANG_WARN_UNGUARDED_AVAILABILITY = YES_AGGRESSIVE;
				CLANG_WARN_UNREACHABLE_CODE = YES;
				CLANG_WARN__DUPLICATE_METHOD_MATCH = YES;
				COPY_PHASE_STRIP = NO;
				DEBUG_INFORMATION_FORMAT = dwarf;
				ENABLE_STRICT_OBJC_MSGSEND = YES;
				ENABLE_TESTABILITY = YES;
				GCC_C_LANGUAGE_STANDARD = gnu11;
				GCC_DYNAMIC_NO_PIC = NO;
				GCC_NO_COMMON_BLOCKS = YES;
				GCC_OPTIMIZATION_LEVEL = 0;
				GCC_PREPROCESSOR_DEFINITIONS = (
					"DEBUG=1",
					"$(inherited)",
				);
				GCC_WARN_64_TO_32_BIT_CONVERSION = YES;
				GCC_WARN_ABOUT_RETURN_TYPE = YES_ERROR;
				GCC_WARN_UNDECLARED_SELECTOR = YES;
				GCC_WARN_UNINITIALIZED_AUTOS = YES_AGGRESSIVE;
				GCC_WARN_UNUSED_FUNCTION = YES;
				GCC_WARN_UNUSED_VARIABLE = YES;
				IPHONEOS_DEPLOYMENT_TARGET = 16.4;
				MTL_ENABLE_DEBUG_INFO = INCLUDE_SOURCE;
				MTL_FAST_MATH = YES;
				ONLY_ACTIVE_ARCH = YES;
				SDKROOT = iphoneos;
				SWIFT_ACTIVE_COMPILATION_CONDITIONS = DEBUG;
				SWIFT_OPTIMIZATION_LEVEL = "-Onone";
			};
			name = Debug;
		};
		FB6DF82E2B5F4D9800D71F93 /* Release */ = {
			isa = XCBuildConfiguration;
			buildSettings = {
				ALWAYS_SEARCH_USER_PATHS = NO;
				CLANG_ANALYZER_NONNULL = YES;
				CLANG_ANALYZER_NUMBER_OBJECT_CONVERSION = YES_AGGRESSIVE;
				CLANG_CXX_LANGUAGE_STANDARD = "gnu++20";
				CLANG_ENABLE_MODULES = YES;
				CLANG_ENABLE_OBJC_ARC = YES;
				CLANG_ENABLE_OBJC_WEAK = YES;
				CLANG_WARN_BLOCK_CAPTURE_AUTORELEASING = YES;
				CLANG_WARN_BOOL_CONVERSION = YES;
				CLANG_WARN_COMMA = YES;
				CLANG_WARN_CONSTANT_CONVERSION = YES;
				CLANG_WARN_DEPRECATED_OBJC_IMPLEMENTATIONS = YES;
				CLANG_WARN_DIRECT_OBJC_ISA_USAGE = YES_ERROR;
				CLANG_WARN_DOCUMENTATION_COMMENTS = YES;
				CLANG_WARN_EMPTY_BODY = YES;
				CLANG_WARN_ENUM_CONVERSION = YES;
				CLANG_WARN_INFINITE_RECURSION = YES;
				CLANG_WARN_INT_CONVERSION = YES;
				CLANG_WARN_NON_LITERAL_NULL_CONVERSION = YES;
				CLANG_WARN_OBJC_IMPLICIT_RETAIN_SELF = YES;
				CLANG_WARN_OBJC_LITERAL_CONVERSION = YES;
				CLANG_WARN_OBJC_ROOT_CLASS = YES_ERROR;
				CLANG_WARN_QUOTED_INCLUDE_IN_FRAMEWORK_HEADER = YES;
				CLANG_WARN_RANGE_LOOP_ANALYSIS = YES;
				CLANG_WARN_STRICT_PROTOTYPES = YES;
				CLANG_WARN_SUSPICIOUS_MOVE = YES;
				CLANG_WARN_UNGUARDED_AVAILABILITY = YES_AGGRESSIVE;
				CLANG_WARN_UNREACHABLE_CODE = YES;
				CLANG_WARN__DUPLICATE_METHOD_MATCH = YES;
				COPY_PHASE_STRIP = NO;
				DEBUG_INFORMATION_FORMAT = "dwarf-with-dsym";
				ENABLE_NS_ASSERTIONS = NO;
				ENABLE_STRICT_OBJC_MSGSEND = YES;
				GCC_C_LANGUAGE_STANDARD = gnu11;
				GCC_NO_COMMON_BLOCKS = YES;
				GCC_WARN_64_TO_32_BIT_CONVERSION = YES;
				GCC_WARN_ABOUT_RETURN_TYPE = YES_ERROR;
				GCC_WARN_UNDECLARED_SELECTOR = YES;
				GCC_WARN_UNINITIALIZED_AUTOS = YES_AGGRESSIVE;
				GCC_WARN_UNUSED_FUNCTION = YES;
				GCC_WARN_UNUSED_VARIABLE = YES;
				IPHONEOS_DEPLOYMENT_TARGET = 16.4;
				MTL_ENABLE_DEBUG_INFO = NO;
				MTL_FAST_MATH = YES;
				SDKROOT = iphoneos;
				SWIFT_COMPILATION_MODE = wholemodule;
				SWIFT_OPTIMIZATION_LEVEL = "-O";
				VALIDATE_PRODUCT = YES;
			};
			name = Release;
		};
		FB6DF8302B5F4D9800D71F93 /* Debug */ = {
			isa = XCBuildConfiguration;
			buildSettings = {
				ASSETCATALOG_COMPILER_APPICON_NAME = AppIcon;
				ASSETCATALOG_COMPILER_GLOBAL_ACCENT_COLOR_NAME = AccentColor;
				CODE_SIGN_STYLE = Automatic;
				CURRENT_PROJECT_VERSION = 1;
				GENERATE_INFOPLIST_FILE = YES;
				INFOPLIST_FILE = act2/Info.plist;
				INFOPLIST_KEY_UIApplicationSupportsIndirectInputEvents = YES;
				INFOPLIST_KEY_UILaunchStoryboardName = LaunchScreen;
				INFOPLIST_KEY_UIMainStoryboardFile = Main;
				INFOPLIST_KEY_UISupportedInterfaceOrientations_iPad = "UIInterfaceOrientationPortrait UIInterfaceOrientationPortraitUpsideDown UIInterfaceOrientationLandscapeLeft UIInterfaceOrientationLandscapeRight";
				INFOPLIST_KEY_UISupportedInterfaceOrientations_iPhone = "UIInterfaceOrientationPortrait UIInterfaceOrientationLandscapeLeft UIInterfaceOrientationLandscapeRight";
				LD_RUNPATH_SEARCH_PATHS = (
					"$(inherited)",
					"@executable_path/Frameworks",
				);
				MARKETING_VERSION = 1.0;
				PRODUCT_BUNDLE_IDENTIFIER = tecmilenio.act2;
				PRODUCT_NAME = "$(TARGET_NAME)";
				SWIFT_EMIT_LOC_STRINGS = YES;
				SWIFT_VERSION = 5.0;
				TARGETED_DEVICE_FAMILY = "1,2";
			};
			name = Debug;
		};
		FB6DF8312B5F4D9800D71F93 /* Release */ = {
			isa = XCBuildConfiguration;
			buildSettings = {
				ASSETCATALOG_COMPILER_APPICON_NAME = AppIcon;
				ASSETCATALOG_COMPILER_GLOBAL_ACCENT_COLOR_NAME = AccentColor;
				CODE_SIGN_STYLE = Automatic;
				CURRENT_PROJECT_VERSION = 1;
				GENERATE_INFOPLIST_FILE = YES;
				INFOPLIST_FILE = act2/Info.plist;
				INFOPLIST_KEY_UIApplicationSupportsIndirectInputEvents = YES;
				INFOPLIST_KEY_UILaunchStoryboardName = LaunchScreen;
				INFOPLIST_KEY_UIMainStoryboardFile = Main;
				INFOPLIST_KEY_UISupportedInterfaceOrientations_iPad = "UIInterfaceOrientationPortrait UIInterfaceOrientationPortraitUpsideDown UIInterfaceOrientationLandscapeLeft UIInterfaceOrientationLandscapeRight";
				INFOPLIST_KEY_UISupportedInterfaceOrientations_iPhone = "UIInterfaceOrientationPortrait UIInterfaceOrientationLandscapeLeft UIInterfaceOrientationLandscapeRight";
				LD_RUNPATH_SEARCH_PATHS = (
					"$(inherited)",
					"@executable_path/Frameworks",
				);
				MARKETING_VERSION = 1.0;
				PRODUCT_BUNDLE_IDENTIFIER = tecmilenio.act2;
				PRODUCT_NAME = "$(TARGET_NAME)";
				SWIFT_EMIT_LOC_STRINGS = YES;
				SWIFT_VERSION = 5.0;
				TARGETED_DEVICE_FAMILY = "1,2";
			};
			name = Release;
		};
		FB6DF8332B5F4D9800D71F93 /* Debug */ = {
			isa = XCBuildConfiguration;
			buildSettings = {
				ALWAYS_EMBED_SWIFT_STANDARD_LIBRARIES = YES;
				BUNDLE_LOADER = "$(TEST_HOST)";
				CODE_SIGN_STYLE = Automatic;
				CURRENT_PROJECT_VERSION = 1;
				GENERATE_INFOPLIST_FILE = YES;
				IPHONEOS_DEPLOYMENT_TARGET = 16.4;
				MARKETING_VERSION = 1.0;
				PRODUCT_BUNDLE_IDENTIFIER = tecmilenio.act2Tests;
				PRODUCT_NAME = "$(TARGET_NAME)";
				SWIFT_EMIT_LOC_STRINGS = NO;
				SWIFT_VERSION = 5.0;
				TARGETED_DEVICE_FAMILY = "1,2";
				TEST_HOST = "$(BUILT_PRODUCTS_DIR)/act2.app/$(BUNDLE_EXECUTABLE_FOLDER_PATH)/act2";
			};
			name = Debug;
		};
		FB6DF8342B5F4D9800D71F93 /* Release */ = {
			isa = XCBuildConfiguration;
			buildSettings = {
				ALWAYS_EMBED_SWIFT_STANDARD_LIBRARIES = YES;
				BUNDLE_LOADER = "$(TEST_HOST)";
				CODE_SIGN_STYLE = Automatic;
				CURRENT_PROJECT_VERSION = 1;
				GENERATE_INFOPLIST_FILE = YES;
				IPHONEOS_DEPLOYMENT_TARGET = 16.4;
				MARKETING_VERSION = 1.0;
				PRODUCT_BUNDLE_IDENTIFIER = tecmilenio.act2Tests;
				PRODUCT_NAME = "$(TARGET_NAME)";
				SWIFT_EMIT_LOC_STRINGS = NO;
				SWIFT_VERSION = 5.0;
				TARGETED_DEVICE_FAMILY = "1,2";
				TEST_HOST = "$(BUILT_PRODUCTS_DIR)/act2.app/$(BUNDLE_EXECUTABLE_FOLDER_PATH)/act2";
			};
			name = Release;
		};
		FB6DF8362B5F4D9800D71F93 /* Debug */ = {
			isa = XCBuildConfiguration;
			buildSettings = {
				ALWAYS_EMBED_SWIFT_STANDARD_LIBRARIES = YES;
				CODE_SIGN_STYLE = Automatic;
				CURRENT_PROJECT_VERSION = 1;
				GENERATE_INFOPLIST_FILE = YES;
				MARKETING_VERSION = 1.0;
				PRODUCT_BUNDLE_IDENTIFIER = tecmilenio.act2UITests;
				PRODUCT_NAME = "$(TARGET_NAME)";
				SWIFT_EMIT_LOC_STRINGS = NO;
				SWIFT_VERSION = 5.0;
				TARGETED_DEVICE_FAMILY = "1,2";
				TEST_TARGET_NAME = act2;
			};
			name = Debug;
		};
		FB6DF8372B5F4D9800D71F93 /* Release */ = {
			isa = XCBuildConfiguration;
			buildSettings = {
				ALWAYS_EMBED_SWIFT_STANDARD_LIBRARIES = YES;
				CODE_SIGN_STYLE = Automatic;
				CURRENT_PROJECT_VERSION = 1;
				GENERATE_INFOPLIST_FILE = YES;
				MARKETING_VERSION = 1.0;
				PRODUCT_BUNDLE_IDENTIFIER = tecmilenio.act2UITests;
				PRODUCT_NAME = "$(TARGET_NAME)";
				SWIFT_EMIT_LOC_STRINGS = NO;
				SWIFT_VERSION = 5.0;
				TARGETED_DEVICE_FAMILY = "1,2";
				TEST_TARGET_NAME = act2;
			};
			name = Release;
		};
/* End XCBuildConfiguration section */

/* Begin XCConfigurationList section */
		FB6DF8002B5F4D9500D71F93 /* Build configuration list for PBXProject "act2" */ = {
			isa = XCConfigurationList;
			buildConfigurations = (
				FB6DF82D2B5F4D9800D71F93 /* Debug */,
				FB6DF82E2B5F4D9800D71F93 /* Release */,
			);
			defaultConfigurationIsVisible = 0;
			defaultConfigurationName = Release;
		};
		FB6DF82F2B5F4D9800D71F93 /* Build configuration list for PBXNativeTarget "act2" */ = {
			isa = XCConfigurationList;
			buildConfigurations = (
				FB6DF8302B5F4D9800D71F93 /* Debug */,
				FB6DF8312B5F4D9800D71F93 /* Release */,
			);
			defaultConfigurationIsVisible = 0;
			defaultConfigurationName = Release;
		};
		FB6DF8322B5F4D9800D71F93 /* Build configuration list for PBXNativeTarget "act2Tests" */ = {
			isa = XCConfigurationList;
			buildConfigurations = (
				FB6DF8332B5F4D9800D71F93 /* Debug */,
				FB6DF8342B5F4D9800D71F93 /* Release */,
			);
			defaultConfigurationIsVisible = 0;
			defaultConfigurationName = Release;
		};
		FB6DF8352B5F4D9800D71F93 /* Build configuration list for PBXNativeTarget "act2UITests" */ = {
			isa = XCConfigurationList;
			buildConfigurations = (
				FB6DF8362B5F4D9800D71F93 /* Debug */,
				FB6DF8372B5F4D9800D71F93 /* Release */,
			);
			defaultConfigurationIsVisible = 0;
			defaultConfigurationName = Release;
		};
/* End XCConfigurationList section */
	};
	rootObject = FB6DF7FD2B5F4D9500D71F93 /* Project object */;
}
